
Microsoft Visual Studio Solution File, Format Version 12.00
Project("{2150E333-8FDC-42A3-9474-1A3956D46DE8}") = "src", "src", "{7EEF70C1-2A6C-46EA-88FD-F69ADAA12547}"
EndProject
Project("{FAE04EC0-301F-11D3-BF4B-00C04F79EFBC}") = "HelloAvalonia", "src\HelloAvalonia\HelloAvalonia.csproj", "{7812B153-CD5B-4EAE-882E-BA07B19EECCB}"
EndProject
Global
	GlobalSection(SolutionConfigurationPlatforms) = preSolution
		Debug|Any CPU = Debug|Any CPU
		Release|Any CPU = Release|Any CPU
	EndGlobalSection
	GlobalSection(ProjectConfigurationPlatforms) = postSolution
		{7812B153-CD5B-4EAE-882E-BA07B19EECCB}.Debug|Any CPU.ActiveCfg = Debug|Any CPU
		{7812B153-CD5B-4EAE-882E-BA07B19EECCB}.Debug|Any CPU.Build.0 = Debug|Any CPU
		{7812B153-CD5B-4EAE-882E-BA07B19EECCB}.Release|Any CPU.ActiveCfg = Release|Any CPU
		{7812B153-CD5B-4EAE-882E-BA07B19EECCB}.Release|Any CPU.Build.0 = Release|Any CPU
	EndGlobalSection
	GlobalSection(NestedProjects) = preSolution
		{7812B153-CD5B-4EAE-882E-BA07B19EECCB} = {7EEF70C1-2A6C-46EA-88FD-F69ADAA12547}
	EndGlobalSection
EndGlobal
